
Microsoft Visual Studio Solution File, Format Version 12.00
# Visual Studio 15
VisualStudioVersion = 15.0.26124.0
MinimumVisualStudioVersion = 15.0.26124.0
Project("{2150E333-8FDC-42A3-9474-1A3956D46DE8}") = "src", "src", "{EAD7C215-870B-49E3-861F-F77F84E7BAC7}"
EndProject
Project("{FAE04EC0-301F-11D3-BF4B-00C04F79EFBC}") = "Movies", "src\Movies\Movies.csproj", "{9B3B93BF-3651-4631-9CDB-7D57D672472E}"
EndProject
Project("{FAE04EC0-301F-11D3-BF4B-00C04F79EFBC}") = "DatabaseIntegration", "src\DatabaseIntegration\DatabaseIntegration.csproj", "{D4C4324F-92F5-4381-99C1-726E4DBA2B7E}"
EndProject
Project("{FAE04EC0-301F-11D3-BF4B-00C04F79EFBC}") = "MainService", "src\MainService\MainService.csproj", "{38B7D5C1-126A-4C7F-851D-DE6FE0E06106}"
EndProject
Global
	GlobalSection(SolutionConfigurationPlatforms) = preSolution
		Debug|Any CPU = Debug|Any CPU
		Debug|x64 = Debug|x64
		Debug|x86 = Debug|x86
		Release|Any CPU = Release|Any CPU
		Release|x64 = Release|x64
		Release|x86 = Release|x86
	EndGlobalSection
	GlobalSection(SolutionProperties) = preSolution
		HideSolutionNode = FALSE
	EndGlobalSection
	GlobalSection(ProjectConfigurationPlatforms) = postSolution
		{9B3B93BF-3651-4631-9CDB-7D57D672472E}.Debug|Any CPU.ActiveCfg = Debug|Any CPU
		{9B3B93BF-3651-4631-9CDB-7D57D672472E}.Debug|Any CPU.Build.0 = Debug|Any CPU
		{9B3B93BF-3651-4631-9CDB-7D57D672472E}.Debug|x64.ActiveCfg = Debug|Any CPU
		{9B3B93BF-3651-4631-9CDB-7D57D672472E}.Debug|x64.Build.0 = Debug|Any CPU
		{9B3B93BF-3651-4631-9CDB-7D57D672472E}.Debug|x86.ActiveCfg = Debug|Any CPU
		{9B3B93BF-3651-4631-9CDB-7D57D672472E}.Debug|x86.Build.0 = Debug|Any CPU
		{9B3B93BF-3651-4631-9CDB-7D57D672472E}.Release|Any CPU.ActiveCfg = Release|Any CPU
		{9B3B93BF-3651-4631-9CDB-7D57D672472E}.Release|Any CPU.Build.0 = Release|Any CPU
		{9B3B93BF-3651-4631-9CDB-7D57D672472E}.Release|x64.ActiveCfg = Release|Any CPU
		{9B3B93BF-3651-4631-9CDB-7D57D672472E}.Release|x64.Build.0 = Release|Any CPU
		{9B3B93BF-3651-4631-9CDB-7D57D672472E}.Release|x86.ActiveCfg = Release|Any CPU
		{9B3B93BF-3651-4631-9CDB-7D57D672472E}.Release|x86.Build.0 = Release|Any CPU
		{D4C4324F-92F5-4381-99C1-726E4DBA2B7E}.Debug|Any CPU.ActiveCfg = Debug|Any CPU
		{D4C4324F-92F5-4381-99C1-726E4DBA2B7E}.Debug|Any CPU.Build.0 = Debug|Any CPU
		{D4C4324F-92F5-4381-99C1-726E4DBA2B7E}.Debug|x64.ActiveCfg = Debug|Any CPU
		{D4C4324F-92F5-4381-99C1-726E4DBA2B7E}.Debug|x64.Build.0 = Debug|Any CPU
		{D4C4324F-92F5-4381-99C1-726E4DBA2B7E}.Debug|x86.ActiveCfg = Debug|Any CPU
		{D4C4324F-92F5-4381-99C1-726E4DBA2B7E}.Debug|x86.Build.0 = Debug|Any CPU
		{D4C4324F-92F5-4381-99C1-726E4DBA2B7E}.Release|Any CPU.ActiveCfg = Release|Any CPU
		{D4C4324F-92F5-4381-99C1-726E4DBA2B7E}.Release|Any CPU.Build.0 = Release|Any CPU
		{D4C4324F-92F5-4381-99C1-726E4DBA2B7E}.Release|x64.ActiveCfg = Release|Any CPU
		{D4C4324F-92F5-4381-99C1-726E4DBA2B7E}.Release|x64.Build.0 = Release|Any CPU
		{D4C4324F-92F5-4381-99C1-726E4DBA2B7E}.Release|x86.ActiveCfg = Release|Any CPU
		{D4C4324F-92F5-4381-99C1-726E4DBA2B7E}.Release|x86.Build.0 = Release|Any CPU
		{38B7D5C1-126A-4C7F-851D-DE6FE0E06106}.Debug|Any CPU.ActiveCfg = Debug|Any CPU
		{38B7D5C1-126A-4C7F-851D-DE6FE0E06106}.Debug|Any CPU.Build.0 = Debug|Any CPU
		{38B7D5C1-126A-4C7F-851D-DE6FE0E06106}.Debug|x64.ActiveCfg = Debug|Any CPU
		{38B7D5C1-126A-4C7F-851D-DE6FE0E06106}.Debug|x64.Build.0 = Debug|Any CPU
		{38B7D5C1-126A-4C7F-851D-DE6FE0E06106}.Debug|x86.ActiveCfg = Debug|Any CPU
		{38B7D5C1-126A-4C7F-851D-DE6FE0E06106}.Debug|x86.Build.0 = Debug|Any CPU
		{38B7D5C1-126A-4C7F-851D-DE6FE0E06106}.Release|Any CPU.ActiveCfg = Release|Any CPU
		{38B7D5C1-126A-4C7F-851D-DE6FE0E06106}.Release|Any CPU.Build.0 = Release|Any CPU
		{38B7D5C1-126A-4C7F-851D-DE6FE0E06106}.Release|x64.ActiveCfg = Release|Any CPU
		{38B7D5C1-126A-4C7F-851D-DE6FE0E06106}.Release|x64.Build.0 = Release|Any CPU
		{38B7D5C1-126A-4C7F-851D-DE6FE0E06106}.Release|x86.ActiveCfg = Release|Any CPU
		{38B7D5C1-126A-4C7F-851D-DE6FE0E06106}.Release|x86.Build.0 = Release|Any CPU
	EndGlobalSection
	GlobalSection(NestedProjects) = preSolution
		{9B3B93BF-3651-4631-9CDB-7D57D672472E} = {EAD7C215-870B-49E3-861F-F77F84E7BAC7}
		{D4C4324F-92F5-4381-99C1-726E4DBA2B7E} = {EAD7C215-870B-49E3-861F-F77F84E7BAC7}
		{38B7D5C1-126A-4C7F-851D-DE6FE0E06106} = {EAD7C215-870B-49E3-861F-F77F84E7BAC7}
	EndGlobalSection
EndGlobal
